<?xml version="1.0" encoding="utf-8"?>
<Project ToolsVersion="12.0" xmlns="http://schemas.microsoft.com/developer/msbuild/2003">
  <ItemGroup>
    <CLCompile Include="$(MSBuildThisFileDirectory)App.xaml.cpp" />
    <ClInclude Include="$(MSBuildThisFileDirectory)App.xaml.h" />
    <CLCompile Include="$(MSBuildThisFileDirectory)pch.cpp" />
    <ClInclude Include="$(MSBuildThisFileDirectory)pch.h" />
    <ClCompile Include="$(MSBuildThisFileDirectory)HttpRequestInterface.cpp">
      <Filter>HttpClient</Filter>
    </ClCompile>
    <ClCompile Include="$(MSBuildThisFileDirectory)WinRTHttpRequestManager.cpp">
      <Filter>HttpClient</Filter>
    </ClCompile>
    <ClCompile Include="$(MSBuildThisFileDirectory)WinRTFacebookHelpers.cpp">
      <Filter>FacebookClient</Filter>
    </ClCompile>
    <ClCompile Include="$(MSBuildThisFileDirectory)WinRTFacebookSession.cpp">
      <Filter>FacebookClient</Filter>
    </ClCompile>
    <ClCompile Include="$(MSBuildThisFileDirectory)MainPage.xaml.cpp" />
  </ItemGroup>
  <ItemGroup>
    <ApplicationDefinition Include="$(MSBuildThisFileDirectory)App.xaml" />
  </ItemGroup>
  <ItemGroup>
    <ClInclude Include="$(MSBuildThisFileDirectory)HttpTypes.h">
      <Filter>HttpClient</Filter>
    </ClInclude>
    <ClInclude Include="$(MSBuildThisFileDirectory)HttpRequestInterface.h">
      <Filter>HttpClient</Filter>
    </ClInclude>
    <ClInclude Include="$(MSBuildThisFileDirectory)WinRTHttpRequestManager.h">
      <Filter>HttpClient</Filter>
    </ClInclude>
    <ClInclude Include="$(MSBuildThisFileDirectory)WinRTFacebookHelpers.h">
      <Filter>FacebookClient</Filter>
    </ClInclude>
    <ClInclude Include="$(MSBuildThisFileDirectory)WinRTFacebookSession.h">
      <Filter>FacebookClient</Filter>
    </ClInclude>
    <ClInclude Include="$(MSBuildThisFileDirectory)MainPage.xaml.h" />
  </ItemGroup>
  <ItemGroup>
    <Filter Include="HttpClient">
      <UniqueIdentifier>{24058ae0-3f27-4dda-a4d0-820866a351c7}</UniqueIdentifier>
    </Filter>
    <Filter Include="FacebookClient">
      <UniqueIdentifier>{5f47b8c9-c577-4e39-9ac9-ef18f302d633}</UniqueIdentifier>
    </Filter>
  </ItemGroup>
  <ItemGroup>
    <Page Include="$(MSBuildThisFileDirectory)MainPage.xaml" />
  </ItemGroup>
</Project>